// !$*UTF8*$!
{
	archiveVersion = 1;
	classes = {
	};
	objectVersion = 48;
	objects = {

/* Begin PBXBuildFile section */
		2ECDB73D1FE06AFD00130F94 /* AppDelegate.swift in Sources */ = {isa = PBXBuildFile; fileRef = 2ECDB73C1FE06AFD00130F94 /* AppDelegate.swift */; };
		2ECDB73F1FE06AFD00130F94 /* GoogleSearchViewController.swift in Sources */ = {isa = PBXBuildFile; fileRef = 2ECDB73E1FE06AFD00130F94 /* GoogleSearchViewController.swift */; };
		2ECDB7421FE06AFD00130F94 /* Main.storyboard in Resources */ = {isa = PBXBuildFile; fileRef = 2ECDB7401FE06AFD00130F94 /* Main.storyboard */; };
		2ECDB7441FE06AFD00130F94 /* Assets.xcassets in Resources */ = {isa = PBXBuildFile; fileRef = 2ECDB7431FE06AFD00130F94 /* Assets.xcassets */; };
		2ECDB7471FE06AFD00130F94 /* LaunchScreen.storyboard in Resources */ = {isa = PBXBuildFile; fileRef = 2ECDB7451FE06AFD00130F94 /* LaunchScreen.storyboard */; };
		2ECDB7511FE2071F00130F94 /* GoogleResponse.swift in Sources */ = {isa = PBXBuildFile; fileRef = 2ECDB7501FE2071F00130F94 /* GoogleResponse.swift */; };
/* End PBXBuildFile section */

/* Begin PBXFileReference section */
		2ECDB7391FE06AFD00130F94 /* QulixBarodzichTest.app */ = {isa = PBXFileReference; explicitFileType = wrapper.application; includeInIndex = 0; path = QulixBarodzichTest.app; sourceTree = BUILT_PRODUCTS_DIR; };
		2ECDB73C1FE06AFD00130F94 /* AppDelegate.swift */ = {isa = PBXFileReference; lastKnownFileType = sourcecode.swift; path = AppDelegate.swift; sourceTree = "<group>"; };
		2ECDB73E1FE06AFD00130F94 /* GoogleSearchViewController.swift */ = {isa = PBXFileReference; lastKnownFileType = sourcecode.swift; path = GoogleSearchViewController.swift; sourceTree = "<group>"; };
		2ECDB7411FE06AFD00130F94 /* Base */ = {isa = PBXFileReference; lastKnownFileType = file.storyboard; name = Base; path = Base.lproj/Main.storyboard; sourceTree = "<group>"; };
		2ECDB7431FE06AFD00130F94 /* Assets.xcassets */ = {isa = PBXFileReference; lastKnownFileType = folder.assetcatalog; path = Assets.xcassets; sourceTree = "<group>"; };
		2ECDB7461FE06AFD00130F94 /* Base */ = {isa = PBXFileReference; lastKnownFileType = file.storyboard; name = Base; path = Base.lproj/LaunchScreen.storyboard; sourceTree = "<group>"; };
		2ECDB7481FE06AFD00130F94 /* Info.plist */ = {isa = PBXFileReference; lastKnownFileType = text.plist.xml; path = Info.plist; sourceTree = "<group>"; };
		2ECDB7501FE2071F00130F94 /* GoogleResponse.swift */ = {isa = PBXFileReference; lastKnownFileType = sourcecode.swift; path = GoogleResponse.swift; sourceTree = "<group>"; };
/* End PBXFileReference section */

/* Begin PBXFrameworksBuildPhase section */
		2ECDB7361FE06AFD00130F94 /* Frameworks */ = {
			isa = PBXFrameworksBuildPhase;
			buildActionMask = 2147483647;
			files = (
			);
			runOnlyForDeploymentPostprocessing = 0;
		};
/* End PBXFrameworksBuildPhase section */

/* Begin PBXGroup section */
		2ECDB7301FE06AFD00130F94 = {
			isa = PBXGroup;
			children = (
				2ECDB73B1FE06AFD00130F94 /* QulixBarodzichTest */,
				2ECDB73A1FE06AFD00130F94 /* Products */,
			);
			sourceTree = "<group>";
		};
		2ECDB73A1FE06AFD00130F94 /* Products */ = {
			isa = PBXGroup;
			children = (
				2ECDB7391FE06AFD00130F94 /* QulixBarodzichTest.app */,
			);
			name = Products;
			sourceTree = "<group>";
		};
		2ECDB73B1FE06AFD00130F94 /* QulixBarodzichTest */ = {
			isa = PBXGroup;
			children = (
				2ECDB73C1FE06AFD00130F94 /* AppDelegate.swift */,
				2ECDB73E1FE06AFD00130F94 /* GoogleSearchViewController.swift */,
				2ECDB7501FE2071F00130F94 /* GoogleResponse.swift */,
				2ECDB7401FE06AFD00130F94 /* Main.storyboard */,
				2ECDB7521FE2076000130F94 /* Supporting Files */,
			);
			path = QulixBarodzichTest;
			sourceTree = "<group>";
		};
		2ECDB7521FE2076000130F94 /* Supporting Files */ = {
			isa = PBXGroup;
			children = (
				2ECDB7431FE06AFD00130F94 /* Assets.xcassets */,
				2ECDB7451FE06AFD00130F94 /* LaunchScreen.storyboard */,
				2ECDB7481FE06AFD00130F94 /* Info.plist */,
			);
			path = "Supporting Files";
			sourceTree = "<group>";
		};
/* End PBXGroup section */

/* Begin PBXNativeTarget section */
		2ECDB7381FE06AFD00130F94 /* QulixBarodzichTest */ = {
			isa = PBXNativeTarget;
			buildConfigurationList = 2ECDB74B1FE06AFD00130F94 /* Build configuration list for PBXNativeTarget "QulixBarodzichTest" */;
			buildPhases = (
				2ECDB7351FE06AFD00130F94 /* Sources */,
				2ECDB7361FE06AFD00130F94 /* Frameworks */,
				2ECDB7371FE06AFD00130F94 /* Resources */,
			);
			buildRules = (
			);
			dependencies = (
			);
			name = QulixBarodzichTest;
			productName = QulixBarodzichTest;
			productReference = 2ECDB7391FE06AFD00130F94 /* QulixBarodzichTest.app */;
			productType = "com.apple.product-type.application";
		};
/* End PBXNativeTarget section */

/* Begin PBXProject section */
		2ECDB7311FE06AFD00130F94 /* Project object */ = {
			isa = PBXProject;
			attributes = {
				LastSwiftUpdateCheck = 0920;
				LastUpgradeCheck = 0920;
				ORGANIZATIONNAME = Alexandr;
				TargetAttributes = {
					2ECDB7381FE06AFD00130F94 = {
						CreatedOnToolsVersion = 9.2;
						ProvisioningStyle = Automatic;
					};
				};
			};
			buildConfigurationList = 2ECDB7341FE06AFD00130F94 /* Build configuration list for PBXProject "QulixBarodzichTest" */;
			compatibilityVersion = "Xcode 8.0";
			developmentRegion = en;
			hasScannedForEncodings = 0;
			knownRegions = (
				en,
				Base,
			);
			mainGroup = 2ECDB7301FE06AFD00130F94;
			productRefGroup = 2ECDB73A1FE06AFD00130F94 /* Products */;
			projectDirPath = "";
			projectRoot = "";
			targets = (
				2ECDB7381FE06AFD00130F94 /* QulixBarodzichTest */,
			);
		};
/* End PBXProject section */

/* Begin PBXResourcesBuildPhase section */
		2ECDB7371FE06AFD00130F94 /* Resources */ = {
			isa = PBXResourcesBuildPhase;
			buildActionMask = 2147483647;
			files = (
				2ECDB7471FE06AFD00130F94 /* LaunchScreen.storyboard in Resources */,
				2ECDB7441FE06AFD00130F94 /* Assets.xcassets in Resources */,
				2ECDB7421FE06AFD00130F94 /* Main.storyboard in Resources */,
			);
			runOnlyForDeploymentPostprocessing = 0;
		};
/* End PBXResourcesBuildPhase section */

/* Begin PBXSourcesBuildPhase section */
		2ECDB7351FE06AFD00130F94 /* Sources */ = {
			isa = PBXSourcesBuildPhase;
			buildActionMask = 2147483647;
			files = (
				2ECDB73F1FE06AFD00130F94 /* GoogleSearchViewController.swift in Sources */,
				2ECDB73D1FE06AFD00130F94 /* AppDelegate.swift in Sources */,
				2ECDB7511FE2071F00130F94 /* GoogleResponse.swift in Sources */,
			);
			runOnlyForDeploymentPostprocessing = 0;
		};
/* End PBXSourcesBuildPhase section */

/* Begin PBXVariantGroup section */
		2ECDB7401FE06AFD00130F94 /* Main.storyboard */ = {
			isa = PBXVariantGroup;
			children = (
				2ECDB7411FE06AFD00130F94 /* Base */,
			);
			name = Main.storyboard;
			sourceTree = "<group>";
		};
		2ECDB7451FE06AFD00130F94 /* LaunchScreen.storyboard */ = {
			isa = PBXVariantGroup;
			children = (
				2ECDB7461FE06AFD00130F94 /* Base */,
			);
			name = LaunchScreen.storyboard;
			sourceTree = "<group>";
		};
/* End PBXVariantGroup section */

/* Begin XCBuildConfiguration section */
		2ECDB7491FE06AFD00130F94 /* Debug */ = {
			isa = XCBuildConfiguration;
			buildSettings = {
				ALWAYS_SEARCH_USER_PATHS = NO;
				CLANG_ANALYZER_NONNULL = YES;
				CLANG_ANALYZER_NUMBER_OBJECT_CONVERSION = YES_AGGRESSIVE;
				CLANG_CXX_LANGUAGE_STANDARD = "gnu++14";
				CLANG_CXX_LIBRARY = "libc++";
				CLANG_ENABLE_MODULES = YES;
				CLANG_ENABLE_OBJC_ARC = YES;
				CLANG_WARN_BLOCK_CAPTURE_AUTORELEASING = YES;
				CLANG_WARN_BOOL_CONVERSION = YES;
				CLANG_WARN_COMMA = YES;
				CLANG_WARN_CONSTANT_CONVERSION = YES;
				CLANG_WARN_DIRECT_OBJC_ISA_USAGE = YES_ERROR;
				CLANG_WARN_DOCUMENTATION_COMMENTS = YES;
				CLANG_WARN_EMPTY_BODY = YES;
				CLANG_WARN_ENUM_CONVERSION = YES;
				CLANG_WARN_INFINITE_RECURSION = YES;
				CLANG_WARN_INT_CONVERSION = YES;
				CLANG_WARN_NON_LITERAL_NULL_CONVERSION = YES;
				CLANG_WARN_OBJC_LITERAL_CONVERSION = YES;
				CLANG_WARN_OBJC_ROOT_CLASS = YES_ERROR;
				CLANG_WARN_RANGE_LOOP_ANALYSIS = YES;
				CLANG_WARN_STRICT_PROTOTYPES = YES;
				CLANG_WARN_SUSPICIOUS_MOVE = YES;
				CLANG_WARN_UNGUARDED_AVAILABILITY = YES_AGGRESSIVE;
				CLANG_WARN_UNREACHABLE_CODE = YES;
				CLANG_WARN__DUPLICATE_METHOD_MATCH = YES;
				CODE_SIGN_IDENTITY = "iPhone Developer";
				COPY_PHASE_STRIP = NO;
				DEBUG_INFORMATION_FORMAT = dwarf;
				ENABLE_STRICT_OBJC_MSGSEND = YES;
				ENABLE_TESTABILITY = YES;
				GCC_C_LANGUAGE_STANDARD = gnu11;
				GCC_DYNAMIC_NO_PIC = NO;
				GCC_NO_COMMON_BLOCKS = YES;
				GCC_OPTIMIZATION_LEVEL = 0;
				GCC_PREPROCESSOR_DEFINITIONS = (
					"DEBUG=1",
					"$(inherited)",
				);
				GCC_WARN_64_TO_32_BIT_CONVERSION = YES;
				GCC_WARN_ABOUT_RETURN_TYPE = YES_ERROR;
				GCC_WARN_UNDECLARED_SELECTOR = YES;
				GCC_WARN_UNINITIALIZED_AUTOS = YES_AGGRESSIVE;
				GCC_WARN_UNUSED_FUNCTION = YES;
				GCC_WARN_UNUSED_VARIABLE = YES;
				IPHONEOS_DEPLOYMENT_TARGET = 11.2;
				MTL_ENABLE_DEBUG_INFO = YES;
				ONLY_ACTIVE_ARCH = YES;
				SDKROOT = iphoneos;
				SWIFT_ACTIVE_COMPILATION_CONDITIONS = DEBUG;
				SWIFT_OPTIMIZATION_LEVEL = "-Onone";
			};
			name = Debug;
		};
		2ECDB74A1FE06AFD00130F94 /* Release */ = {
			isa = XCBuildConfiguration;
			buildSettings = {
				ALWAYS_SEARCH_USER_PATHS = NO;
				CLANG_ANALYZER_NONNULL = YES;
				CLANG_ANALYZER_NUMBER_OBJECT_CONVERSION = YES_AGGRESSIVE;
				CLANG_CXX_LANGUAGE_STANDARD = "gnu++14";
				CLANG_CXX_LIBRARY = "libc++";
				CLANG_ENABLE_MODULES = YES;
				CLANG_ENABLE_OBJC_ARC = YES;
				CLANG_WARN_BLOCK_CAPTURE_AUTORELEASING = YES;
				CLANG_WARN_BOOL_CONVERSION = YES;
				CLANG_WARN_COMMA = YES;
				CLANG_WARN_CONSTANT_CONVERSION = YES;
				CLANG_WARN_DIRECT_OBJC_ISA_USAGE = YES_ERROR;
				CLANG_WARN_DOCUMENTATION_COMMENTS = YES;
				CLANG_WARN_EMPTY_BODY = YES;
				CLANG_WARN_ENUM_CONVERSION = YES;
				CLANG_WARN_INFINITE_RECURSION = YES;
				CLANG_WARN_INT_CONVERSION = YES;
				CLANG_WARN_NON_LITERAL_NULL_CONVERSION = YES;
				CLANG_WARN_OBJC_LITERAL_CONVERSION = YES;
				CLANG_WARN_OBJC_ROOT_CLASS = YES_ERROR;
				CLANG_WARN_RANGE_LOOP_ANALYSIS = YES;
				CLANG_WARN_STRICT_PROTOTYPES = YES;
				CLANG_WARN_SUSPICIOUS_MOVE = YES;
				CLANG_WARN_UNGUARDED_AVAILABILITY = YES_AGGRESSIVE;
				CLANG_WARN_UNREACHABLE_CODE = YES;
				CLANG_WARN__DUPLICATE_METHOD_MATCH = YES;
				CODE_SIGN_IDENTITY = "iPhone Developer";
				COPY_PHASE_STRIP = NO;
				DEBUG_INFORMATION_FORMAT = "dwarf-with-dsym";
				ENABLE_NS_ASSERTIONS = NO;
				ENABLE_STRICT_OBJC_MSGSEND = YES;
				GCC_C_LANGUAGE_STANDARD = gnu11;
				GCC_NO_COMMON_BLOCKS = YES;
				GCC_WARN_64_TO_32_BIT_CONVERSION = YES;
				GCC_WARN_ABOUT_RETURN_TYPE = YES_ERROR;
				GCC_WARN_UNDECLARED_SELECTOR = YES;
				GCC_WARN_UNINITIALIZED_AUTOS = YES_AGGRESSIVE;
				GCC_WARN_UNUSED_FUNCTION = YES;
				GCC_WARN_UNUSED_VARIABLE = YES;
				IPHONEOS_DEPLOYMENT_TARGET = 11.2;
				MTL_ENABLE_DEBUG_INFO = NO;
				SDKROOT = iphoneos;
				SWIFT_OPTIMIZATION_LEVEL = "-Owholemodule";
				VALIDATE_PRODUCT = YES;
			};
			name = Release;
		};
		2ECDB74C1FE06AFD00130F94 /* Debug */ = {
			isa = XCBuildConfiguration;
			buildSettings = {
				ASSETCATALOG_COMPILER_APPICON_NAME = AppIcon;
				CODE_SIGN_STYLE = Automatic;
				DEVELOPMENT_TEAM = LYW63N2CP4;
				INFOPLIST_FILE = "$(SRCROOT)/QulixBarodzichTest/Supporting Files/Info.plist";
				LD_RUNPATH_SEARCH_PATHS = "$(inherited) @executable_path/Frameworks";
				PRODUCT_BUNDLE_IDENTIFIER = bsu.QulixBarodzichTest;
				PRODUCT_NAME = "$(TARGET_NAME)";
				SWIFT_VERSION = 4.0;
				TARGETED_DEVICE_FAMILY = "1,2";
			};
			name = Debug;
		};
		2ECDB74D1FE06AFD00130F94 /* Release */ = {
			isa = XCBuildConfiguration;
			buildSettings = {
				ASSETCATALOG_COMPILER_APPICON_NAME = AppIcon;
				CODE_SIGN_STYLE = Automatic;
				DEVELOPMENT_TEAM = LYW63N2CP4;
				INFOPLIST_FILE = "$(SRCROOT)/QulixBarodzichTest/Supporting Files/Info.plist";
				LD_RUNPATH_SEARCH_PATHS = "$(inherited) @executable_path/Frameworks";
				PRODUCT_BUNDLE_IDENTIFIER = bsu.QulixBarodzichTest;
				PRODUCT_NAME = "$(TARGET_NAME)";
				SWIFT_VERSION = 4.0;
				TARGETED_DEVICE_FAMILY = "1,2";
			};
			name = Release;
		};
/* End XCBuildConfiguration section */

/* Begin XCConfigurationList section */
		2ECDB7341FE06AFD00130F94 /* Build configuration list for PBXProject "QulixBarodzichTest" */ = {
			isa = XCConfigurationList;
			buildConfigurations = (
				2ECDB7491FE06AFD00130F94 /* Debug */,
				2ECDB74A1FE06AFD00130F94 /* Release */,
			);
			defaultConfigurationIsVisible = 0;
			defaultConfigurationName = Release;
		};
		2ECDB74B1FE06AFD00130F94 /* Build configuration list for PBXNativeTarget "QulixBarodzichTest" */ = {
			isa = XCConfigurationList;
			buildConfigurations = (
				2ECDB74C1FE06AFD00130F94 /* Debug */,
				2ECDB74D1FE06AFD00130F94 /* Release */,
			);
			defaultConfigurationIsVisible = 0;
			defaultConfigurationName = Release;
		};
/* End XCConfigurationList section */
	};
	rootObject = 2ECDB7311FE06AFD00130F94 /* Project object */;
}
